{
  "version": "2",
  "remote": {
    "https://deno.land/std@0.177.0/fmt/colors.ts": "938c5d44d889fb82eff6c358bea8baa7e85950a16c9f6dae3ec3a7a729164471",
    "https://deno.land/std@0.177.0/testing/_diff.ts": "1a3c044aedf77647d6cac86b798c6417603361b66b54c53331b312caeb447aea",
    "https://deno.land/std@0.177.0/testing/_format.ts": "a69126e8a469009adf4cf2a50af889aca364c349797e63174884a52ff75cf4c7",
    "https://deno.land/std@0.177.0/testing/asserts.ts": "984ab0bfb3faeed92ffaa3a6b06536c66811185328c5dd146257c702c41b01ab",
    "https://deno.land/std@0.192.0/fmt/colors.ts": "d67e3cd9f472535241a8e410d33423980bec45047e343577554d3356e1f0ef4e",
    "https://deno.land/std@0.192.0/testing/_diff.ts": "1a3c044aedf77647d6cac86b798c6417603361b66b54c53331b312caeb447aea",
    "https://deno.land/std@0.192.0/testing/_format.ts": "a69126e8a469009adf4cf2a50af889aca364c349797e63174884a52ff75cf4c7",
    "https://deno.land/std@0.192.0/testing/_test_suite.ts": "30f018feeb3835f12ab198d8a518f9089b1bcb2e8c838a8b615ab10d5005465c",
    "https://deno.land/std@0.192.0/testing/asserts.ts": "e16d98b4d73ffc4ed498d717307a12500ae4f2cbe668f1a215632d19fcffc22f",
    "https://deno.land/std@0.192.0/testing/bdd.ts": "59f7f7503066d66a12e50ace81bfffae5b735b6be1208f5684b630ae6b4de1d0",
    "https://deno.land/x/expecto@v0.1.0/deps/src/asserts.ts": "08fc56386d7e983503b3fd9bccd158fab9e6050252a69d52734aa40502ad4d22",
    "https://deno.land/x/expecto@v0.1.0/mod/index.ts": "906fdfd6dd07195a36af8676452070c6a1da392ed66e41074903bb5fd71cdf66",
    "https://deno.land/x/expecto@v0.1.0/src/assertions/_std.ts": "22db884e08c4b772119a6990efe5b329ab0fd5e7ddf7e2c5c69fc31df880b77f",
    "https://deno.land/x/expecto@v0.1.0/src/assertions/core.ts": "e916be6ffefad46508c1abf0d0b504f0d7f2ac423d3ccf438089ef6d38d3233c",
    "https://deno.land/x/expecto@v0.1.0/src/assertions/membership.ts": "14727da00ea3fe5f1523d1385c62fd24bfa1e3bedb701a235c38b368a937195e",
    "https://deno.land/x/expecto@v0.1.0/src/assertions/promised.ts": "b3e5890a355e5d530bd5d1ef5316657944b61c27cc71813023aa37b497ea01a2",
    "https://deno.land/x/expecto@v0.1.0/src/assertions/stringed.ts": "9fcd44e9fe577ea52651831702b340dbedd159680ce5464daf961b7d90f22433",
    "https://deno.land/x/expecto@v0.1.0/src/assertions/typing.ts": "39948cdd1371c31f20647330f034076e5c394ce246e62e502eb19dd4c3967dd8",
    "https://deno.land/x/expecto@v0.1.0/src/base.ts": "770e1c51b4b9a5148239632f8d7059223c5f99a269a22fd0893716366f359968",
    "https://deno.land/x/expecto@v0.1.0/src/flags.ts": "ab3373ff5bcd8f100fa671a39c722eeafe2c1ad0e2a7c3666c5c38565b458edb",
    "https://deno.land/x/expecto@v0.1.0/src/main.ts": "8fb78a67c6068cbc685708c78fdf15c2cc7810cacbe2067149c992628c8bfa49",
    "https://deno.land/x/expecto@v0.1.0/src/registry.ts": "20f3dbd470325a563ae2b2e4035d6e35f4baa3ad2e8e589229fe849289d337fd",
    "https://deno.land/x/expecto@v0.1.0/src/util/promising.ts": "205d0c9c5a10cf9e9a49abe37e8d9be69020202089e00cb6134c4428b5cc3cf9",
    "https://deno.land/x/expecto@v0.1.0/src/util/props.ts": "e2802f2170f9616ea7e97c5f58a57b5469a80d3598b808845236b642fc304639"
  },
  "npm": {
    "specifiers": {
      "chai": "chai@4.3.7"
    },
    "packages": {
      "assertion-error@1.1.0": {
        "integrity": "sha512-jgsaNduz+ndvGyFt3uSuWqvy4lCnIJiovtouQN5JZHOKCS2QuhEdbcQHFhVksz2N2U9hXJo8odG7ETyWlEeuDw==",
        "dependencies": {}
      },
      "chai@4.3.7": {
        "integrity": "sha512-HLnAzZ2iupm25PlN0xFreAlBA5zaBSv3og0DdeGA4Ar6h6rJ3A0rolRUKJhSF2V10GZKDgWF/VmAEsNWjCRB+A==",
        "dependencies": {
          "assertion-error": "assertion-error@1.1.0",
          "check-error": "check-error@1.0.2",
          "deep-eql": "deep-eql@4.1.3",
          "get-func-name": "get-func-name@2.0.0",
          "loupe": "loupe@2.3.6",
          "pathval": "pathval@1.1.1",
          "type-detect": "type-detect@4.0.8"
        }
      },
      "check-error@1.0.2": {
        "integrity": "sha512-BrgHpW9NURQgzoNyjfq0Wu6VFO6D7IZEmJNdtgNqpzGG8RuNFHt2jQxWlAs4HMe119chBnv+34syEZtc6IhLtA==",
        "dependencies": {}
      },
      "deep-eql@4.1.3": {
        "integrity": "sha512-WaEtAOpRA1MQ0eohqZjpGD8zdI0Ovsm8mmFhaDN8dvDZzyoUMcYDnf5Y6iu7HTXxf8JDS23qWa4a+hKCDyOPzw==",
        "dependencies": {
          "type-detect": "type-detect@4.0.8"
        }
      },
      "get-func-name@2.0.0": {
        "integrity": "sha512-Hm0ixYtaSZ/V7C8FJrtZIuBBI+iSgL+1Aq82zSu8VQNB4S3Gk8e7Qs3VwBDJAhmRZcFqkl3tQu36g/Foh5I5ig==",
        "dependencies": {}
      },
      "loupe@2.3.6": {
        "integrity": "sha512-RaPMZKiMy8/JruncMU5Bt6na1eftNoo++R4Y+N2FrxkDVTrGvcyzFTsaGif4QTeKESheMGegbhw6iUAq+5A8zA==",
        "dependencies": {
          "get-func-name": "get-func-name@2.0.0"
        }
      },
      "pathval@1.1.1": {
        "integrity": "sha512-Dp6zGqpTdETdR63lehJYPeIOqpiNBNtc7BpWSLrOje7UaIsE5aY92r/AunQA7rsXvet3lrJ3JnZX29UPTKXyKQ==",
        "dependencies": {}
      },
      "type-detect@4.0.8": {
        "integrity": "sha512-0fr/mIH1dlO+x7TlcMy+bIDqKPsw/70tVyeHW787goQjhmqaZe10uwLujubK9q9Lg6Fiho1KUKDYz0Z7k7g5/g==",
        "dependencies": {}
      }
    }
  }
}
